
Microsoft Visual Studio Solution File, Format Version 12.00
# Visual Studio Version 17
VisualStudioVersion = 17.7.34221.43
MinimumVisualStudioVersion = 10.0.40219.1
Project("{9A19103F-16F7-4668-BE54-9A1E7A4F7556}") = "EduHubLibrary", "EduHubLibrary\EduHubLibrary.csproj", "{F6B3DB20-6DB4-4530-8917-928C953F90D7}"
EndProject
Project("{FAE04EC0-301F-11D3-BF4B-00C04F79EFBC}") = "EduHubWeb", "EduHubWeb\EduHubWeb.csproj", "{2E5D0F9E-A5DD-459C-BEC1-DD9F59756D0F}"
EndProject
Global
	GlobalSection(SolutionConfigurationPlatforms) = preSolution
		Debug|Any CPU = Debug|Any CPU
		Release|Any CPU = Release|Any CPU
	EndGlobalSection
	GlobalSection(ProjectConfigurationPlatforms) = postSolution
		{F6B3DB20-6DB4-4530-8917-928C953F90D7}.Debug|Any CPU.ActiveCfg = Debug|Any CPU
		{F6B3DB20-6DB4-4530-8917-928C953F90D7}.Debug|Any CPU.Build.0 = Debug|Any CPU
		{F6B3DB20-6DB4-4530-8917-928C953F90D7}.Release|Any CPU.ActiveCfg = Release|Any CPU
		{F6B3DB20-6DB4-4530-8917-928C953F90D7}.Release|Any CPU.Build.0 = Release|Any CPU
		{2E5D0F9E-A5DD-459C-BEC1-DD9F59756D0F}.Debug|Any CPU.ActiveCfg = Debug|Any CPU
		{2E5D0F9E-A5DD-459C-BEC1-DD9F59756D0F}.Debug|Any CPU.Build.0 = Debug|Any CPU
		{2E5D0F9E-A5DD-459C-BEC1-DD9F59756D0F}.Release|Any CPU.ActiveCfg = Release|Any CPU
		{2E5D0F9E-A5DD-459C-BEC1-DD9F59756D0F}.Release|Any CPU.Build.0 = Release|Any CPU
	EndGlobalSection
	GlobalSection(SolutionProperties) = preSolution
		HideSolutionNode = FALSE
	EndGlobalSection
	GlobalSection(ExtensibilityGlobals) = postSolution
		SolutionGuid = {0B3BB3A6-CF4F-437D-91DE-7F43A36F99D8}
	EndGlobalSection
EndGlobal
