
Microsoft Visual Studio Solution File, Format Version 12.00
# Visual Studio Version 17
VisualStudioVersion = 17.7.34221.43
MinimumVisualStudioVersion = 10.0.40219.1
Project("{FAE04EC0-301F-11D3-BF4B-00C04F79EFBC}") = "EduHubWeb", "EduHubWeb\EduHubWeb.csproj", "{3C09EA33-28AB-42E5-81DA-D9EF2D41E287}"
EndProject
Project("{FAE04EC0-301F-11D3-BF4B-00C04F79EFBC}") = "EduHubLibrary", "EduHubLibrary\EduHubLibrary.csproj", "{F6B3DB20-6DB4-4530-8917-928C953F90D7}"
EndProject
Global
	GlobalSection(SolutionConfigurationPlatforms) = preSolution
		Debug|Any CPU = Debug|Any CPU
		Release|Any CPU = Release|Any CPU
	EndGlobalSection
	GlobalSection(ProjectConfigurationPlatforms) = postSolution
		{3C09EA33-28AB-42E5-81DA-D9EF2D41E287}.Debug|Any CPU.ActiveCfg = Debug|Any CPU
		{3C09EA33-28AB-42E5-81DA-D9EF2D41E287}.Debug|Any CPU.Build.0 = Debug|Any CPU
		{3C09EA33-28AB-42E5-81DA-D9EF2D41E287}.Release|Any CPU.ActiveCfg = Release|Any CPU
		{3C09EA33-28AB-42E5-81DA-D9EF2D41E287}.Release|Any CPU.Build.0 = Release|Any CPU
		{F6B3DB20-6DB4-4530-8917-928C953F90D7}.Debug|Any CPU.ActiveCfg = Debug|Any CPU
		{F6B3DB20-6DB4-4530-8917-928C953F90D7}.Debug|Any CPU.Build.0 = Debug|Any CPU
		{F6B3DB20-6DB4-4530-8917-928C953F90D7}.Release|Any CPU.ActiveCfg = Release|Any CPU
		{F6B3DB20-6DB4-4530-8917-928C953F90D7}.Release|Any CPU.Build.0 = Release|Any CPU
	EndGlobalSection
	GlobalSection(SolutionProperties) = preSolution
		HideSolutionNode = FALSE
	EndGlobalSection
	GlobalSection(ExtensibilityGlobals) = postSolution
		SolutionGuid = {0B3BB3A6-CF4F-437D-91DE-7F43A36F99D8}
	EndGlobalSection
EndGlobal
